{
  "name": "bbrab-unified-icons",
  "version": "0.1.0",
  "lockfileVersion": 3,
  "requires": true,
  "packages": {
    "": {
      "name": "bbrab-unified-icons",
      "version": "0.1.0",
      "license": "MIT",
      "bin": {
        "bbrab-icons": "bin/bbrab-icons.js",
        "bbrab-icons-mcp": "agent/mcp-server.mjs",
        "bbrab-unified-icons": "bin/bbrab-icons.js"
      },
      "engines": {
        "node": ">=20"
      }
    }
  }
}
